
Microsoft Visual Studio Solution File, Format Version 12.00
# Visual Studio 15
Project("{FAE04EC0-301F-11D3-BF4B-00C04F79EFBC}") = "atomex.Android", "atomex.Android\atomex.Android.csproj", "{1EC5BCE2-278E-4135-B0A0-24A538DA933D}"
EndProject
Project("{FAE04EC0-301F-11D3-BF4B-00C04F79EFBC}") = "atomex", "atomex\atomex.csproj", "{6A6C43B1-1489-4B8D-AA37-941EF60E36F0}"
EndProject
Project("{FAE04EC0-301F-11D3-BF4B-00C04F79EFBC}") = "Atomex.Client.Core", "atomex.client.core\Atomex.Client.Core\Atomex.Client.Core.csproj", "{CA73F74E-F1CD-457B-A1D8-CDEFCB178F1F}"
EndProject
Project("{FAE04EC0-301F-11D3-BF4B-00C04F79EFBC}") = "Beacon.Sdk", "Beacon\Beacon.Sdk\Beacon.Sdk.csproj", "{B938EE8C-E28D-40A5-80DA-2FD47A238883}"
EndProject
Project("{FAE04EC0-301F-11D3-BF4B-00C04F79EFBC}") = "Beacon.Sdk.Sample.Console", "BeaconW\Beacon.Sdk.Sample.Console\Beacon.Sdk.Sample.Console.csproj", "{81B0EB43-48E8-4FD7-B99A-EF98420B60A1}"
EndProject
Global
	GlobalSection(SolutionConfigurationPlatforms) = preSolution
		Debug|Any CPU = Debug|Any CPU
		Release|Any CPU = Release|Any CPU
		Debug|iPhoneSimulator = Debug|iPhoneSimulator
		Release|iPhoneSimulator = Release|iPhoneSimulator
		Debug|iPhone = Debug|iPhone
		Release|iPhone = Release|iPhone
	EndGlobalSection
	GlobalSection(ProjectConfigurationPlatforms) = postSolution
		{1EC5BCE2-278E-4135-B0A0-24A538DA933D}.Debug|Any CPU.ActiveCfg = Debug|Any CPU
		{1EC5BCE2-278E-4135-B0A0-24A538DA933D}.Debug|Any CPU.Build.0 = Debug|Any CPU
		{1EC5BCE2-278E-4135-B0A0-24A538DA933D}.Release|Any CPU.ActiveCfg = Release|Any CPU
		{1EC5BCE2-278E-4135-B0A0-24A538DA933D}.Release|Any CPU.Build.0 = Release|Any CPU
		{1EC5BCE2-278E-4135-B0A0-24A538DA933D}.Debug|iPhoneSimulator.ActiveCfg = Debug|Any CPU
		{1EC5BCE2-278E-4135-B0A0-24A538DA933D}.Debug|iPhoneSimulator.Build.0 = Debug|Any CPU
		{1EC5BCE2-278E-4135-B0A0-24A538DA933D}.Release|iPhoneSimulator.ActiveCfg = Release|Any CPU
		{1EC5BCE2-278E-4135-B0A0-24A538DA933D}.Release|iPhoneSimulator.Build.0 = Release|Any CPU
		{1EC5BCE2-278E-4135-B0A0-24A538DA933D}.Debug|iPhone.ActiveCfg = Debug|Any CPU
		{1EC5BCE2-278E-4135-B0A0-24A538DA933D}.Debug|iPhone.Build.0 = Debug|Any CPU
		{1EC5BCE2-278E-4135-B0A0-24A538DA933D}.Release|iPhone.ActiveCfg = Release|Any CPU
		{1EC5BCE2-278E-4135-B0A0-24A538DA933D}.Release|iPhone.Build.0 = Release|Any CPU
		{6A6C43B1-1489-4B8D-AA37-941EF60E36F0}.Debug|Any CPU.ActiveCfg = Debug|Any CPU
		{6A6C43B1-1489-4B8D-AA37-941EF60E36F0}.Debug|Any CPU.Build.0 = Debug|Any CPU
		{6A6C43B1-1489-4B8D-AA37-941EF60E36F0}.Release|Any CPU.ActiveCfg = Release|Any CPU
		{6A6C43B1-1489-4B8D-AA37-941EF60E36F0}.Release|Any CPU.Build.0 = Release|Any CPU
		{6A6C43B1-1489-4B8D-AA37-941EF60E36F0}.Debug|iPhoneSimulator.ActiveCfg = Debug|Any CPU
		{6A6C43B1-1489-4B8D-AA37-941EF60E36F0}.Debug|iPhoneSimulator.Build.0 = Debug|Any CPU
		{6A6C43B1-1489-4B8D-AA37-941EF60E36F0}.Release|iPhoneSimulator.ActiveCfg = Release|Any CPU
		{6A6C43B1-1489-4B8D-AA37-941EF60E36F0}.Release|iPhoneSimulator.Build.0 = Release|Any CPU
		{6A6C43B1-1489-4B8D-AA37-941EF60E36F0}.Debug|iPhone.ActiveCfg = Debug|Any CPU
		{6A6C43B1-1489-4B8D-AA37-941EF60E36F0}.Debug|iPhone.Build.0 = Debug|Any CPU
		{6A6C43B1-1489-4B8D-AA37-941EF60E36F0}.Release|iPhone.ActiveCfg = Release|Any CPU
		{6A6C43B1-1489-4B8D-AA37-941EF60E36F0}.Release|iPhone.Build.0 = Release|Any CPU
		{CA73F74E-F1CD-457B-A1D8-CDEFCB178F1F}.Debug|Any CPU.ActiveCfg = Debug|Any CPU
		{CA73F74E-F1CD-457B-A1D8-CDEFCB178F1F}.Debug|Any CPU.Build.0 = Debug|Any CPU
		{CA73F74E-F1CD-457B-A1D8-CDEFCB178F1F}.Release|Any CPU.ActiveCfg = Release|Any CPU
		{CA73F74E-F1CD-457B-A1D8-CDEFCB178F1F}.Release|Any CPU.Build.0 = Release|Any CPU
		{CA73F74E-F1CD-457B-A1D8-CDEFCB178F1F}.Debug|iPhoneSimulator.ActiveCfg = Debug|Any CPU
		{CA73F74E-F1CD-457B-A1D8-CDEFCB178F1F}.Debug|iPhoneSimulator.Build.0 = Debug|Any CPU
		{CA73F74E-F1CD-457B-A1D8-CDEFCB178F1F}.Release|iPhoneSimulator.ActiveCfg = Release|Any CPU
		{CA73F74E-F1CD-457B-A1D8-CDEFCB178F1F}.Release|iPhoneSimulator.Build.0 = Release|Any CPU
		{CA73F74E-F1CD-457B-A1D8-CDEFCB178F1F}.Debug|iPhone.ActiveCfg = Debug|Any CPU
		{CA73F74E-F1CD-457B-A1D8-CDEFCB178F1F}.Debug|iPhone.Build.0 = Debug|Any CPU
		{CA73F74E-F1CD-457B-A1D8-CDEFCB178F1F}.Release|iPhone.ActiveCfg = Release|Any CPU
		{CA73F74E-F1CD-457B-A1D8-CDEFCB178F1F}.Release|iPhone.Build.0 = Release|Any CPU
		{81B0EB43-48E8-4FD7-B99A-EF98420B60A1}.Release|Any CPU.ActiveCfg = Debug|Any CPU
		{81B0EB43-48E8-4FD7-B99A-EF98420B60A1}.Release|Any CPU.Build.0 = Debug|Any CPU
		{81B0EB43-48E8-4FD7-B99A-EF98420B60A1}.Release|Any CPU.Deploy.0 = Debug|Any CPU
		{B938EE8C-E28D-40A5-80DA-2FD47A238883}.Release|Any CPU.ActiveCfg = Debug|Any CPU
		{B938EE8C-E28D-40A5-80DA-2FD47A238883}.Release|Any CPU.Build.0 = Debug|Any CPU
	EndGlobalSection
EndGlobal
