Microsoft Visual Studio Solution File, Format Version 12.00
# Visual Studio Version 17
VisualStudioVersion = 17.3.32811.315
MinimumVisualStudioVersion = 10.0.40219.1
Project("{FAE04EC0-301F-11D3-BF4B-00C04F79EFBC}") = "atomex.Android", "atomex.Android\atomex.Android.csproj", "{1EC5BCE2-278E-4135-B0A0-24A538DA933D}"
EndProject
Project("{FAE04EC0-301F-11D3-BF4B-00C04F79EFBC}") = "atomex.iOS", "atomex.iOS\atomex.iOS.csproj", "{FAF84F40-1F67-43E8-B04A-DEC03880862E}"
EndProject
Project("{9A19103F-16F7-4668-BE54-9A1E7A4F7556}") = "atomex", "atomex\atomex.csproj", "{6A6C43B1-1489-4B8D-AA37-941EF60E36F0}"
EndProject
Project("{9A19103F-16F7-4668-BE54-9A1E7A4F7556}") = "Atomex.Client.Core", "atomex.client.core\Atomex.Client.Core\Atomex.Client.Core.csproj", "{CA73F74E-F1CD-457B-A1D8-CDEFCB178F1F}"
EndProject
Project("{9A19103F-16F7-4668-BE54-9A1E7A4F7556}") = "Atomex.Common", "atomex.client.core\Atomex.Common\Atomex.Common.csproj", "{F16E83BA-921D-4865-BD08-9C34A6B166A3}"
EndProject
Project("{9A19103F-16F7-4668-BE54-9A1E7A4F7556}") = "Atomex.Cryptography", "atomex.client.core\Atomex.Cryptography\Atomex.Cryptography.csproj", "{268686AB-CEA1-4A0B-9234-7F0267EDE059}"
EndProject
Project("{9A19103F-16F7-4668-BE54-9A1E7A4F7556}") = "Atomex.TzktEvents", "atomex.client.core\Atomex.TzktEvents\Atomex.TzktEvents.csproj", "{4E3C8932-3924-4519-A49B-4D76F9FB2117}"
EndProject
Project("{9A19103F-16F7-4668-BE54-9A1E7A4F7556}") = "Atomex.Wallets", "atomex.client.core\Atomex.Wallets\Atomex.Wallets.csproj", "{D131C645-95AA-4F2E-8797-20E053D9FE02}"
EndProject
Project("{9A19103F-16F7-4668-BE54-9A1E7A4F7556}") = "Atomex.Wallets.Bitcoin", "atomex.client.core\Atomex.Wallets.Bitcoin\Atomex.Wallets.Bitcoin.csproj", "{83B7F6DB-C7AE-4C7D-9E27-F2F69892EBF3}"
EndProject
Project("{9A19103F-16F7-4668-BE54-9A1E7A4F7556}") = "Atomex.Wallets.Ethereum", "atomex.client.core\Atomex.Wallets.Ethereum\Atomex.Wallets.Ethereum.csproj", "{C5958819-562B-4DFD-ABAD-2143120D76DC}"
EndProject
Project("{9A19103F-16F7-4668-BE54-9A1E7A4F7556}") = "Atomex.Wallets.Tezos", "atomex.client.core\Atomex.Wallets.Tezos\Atomex.Wallets.Tezos.csproj", "{055DCA48-875D-4587-9694-C1C912F738C4}"
EndProject
Project("{2150E333-8FDC-42A3-9474-1A3956D46DE8}") = "Atomex.Core", "Atomex.Core", "{B50066C9-027D-4C2F-A473-3592D54ABD5C}"
EndProject
Project("{9A19103F-16F7-4668-BE54-9A1E7A4F7556}") = "Atomex.Client", "atomex.client.core\Atomex.Client\Atomex.Client.csproj", "{F285DF06-9460-4BD9-948E-BE32A1AC583A}"
EndProject
Project("{9A19103F-16F7-4668-BE54-9A1E7A4F7556}") = "Atomex.MarketData", "atomex.client.core\Atomex.MarketData\Atomex.MarketData.csproj", "{55E444DA-533C-4A0F-8F71-42E3F80894EC}"
EndProject
Global
	GlobalSection(SolutionConfigurationPlatforms) = preSolution
		Debug|Any CPU = Debug|Any CPU
		Debug|iPhone = Debug|iPhone
		Debug|iPhoneSimulator = Debug|iPhoneSimulator
		Release|Any CPU = Release|Any CPU
		Release|iPhone = Release|iPhone
		Release|iPhoneSimulator = Release|iPhoneSimulator
		ReleasePlayMarket|Any CPU = ReleasePlayMarket|Any CPU
		ReleasePlayMarket|iPhone = ReleasePlayMarket|iPhone
		ReleasePlayMarket|iPhoneSimulator = ReleasePlayMarket|iPhoneSimulator
	EndGlobalSection
	GlobalSection(ProjectConfigurationPlatforms) = postSolution
		{1EC5BCE2-278E-4135-B0A0-24A538DA933D}.Debug|Any CPU.ActiveCfg = Debug|Any CPU
		{1EC5BCE2-278E-4135-B0A0-24A538DA933D}.Debug|Any CPU.Build.0 = Debug|Any CPU
		{1EC5BCE2-278E-4135-B0A0-24A538DA933D}.Debug|Any CPU.Deploy.0 = Debug|Any CPU
		{1EC5BCE2-278E-4135-B0A0-24A538DA933D}.Debug|iPhone.ActiveCfg = Debug|Any CPU
		{1EC5BCE2-278E-4135-B0A0-24A538DA933D}.Debug|iPhone.Build.0 = Debug|Any CPU
		{1EC5BCE2-278E-4135-B0A0-24A538DA933D}.Debug|iPhoneSimulator.ActiveCfg = Debug|Any CPU
		{1EC5BCE2-278E-4135-B0A0-24A538DA933D}.Debug|iPhoneSimulator.Build.0 = Debug|Any CPU
		{1EC5BCE2-278E-4135-B0A0-24A538DA933D}.Release|Any CPU.ActiveCfg = Release|Any CPU
		{1EC5BCE2-278E-4135-B0A0-24A538DA933D}.Release|Any CPU.Build.0 = Release|Any CPU
		{1EC5BCE2-278E-4135-B0A0-24A538DA933D}.Release|iPhone.ActiveCfg = Release|Any CPU
		{1EC5BCE2-278E-4135-B0A0-24A538DA933D}.Release|iPhone.Build.0 = Release|Any CPU
		{1EC5BCE2-278E-4135-B0A0-24A538DA933D}.Release|iPhoneSimulator.ActiveCfg = Release|Any CPU
		{1EC5BCE2-278E-4135-B0A0-24A538DA933D}.Release|iPhoneSimulator.Build.0 = Release|Any CPU
		{1EC5BCE2-278E-4135-B0A0-24A538DA933D}.ReleasePlayMarket|Any CPU.ActiveCfg = Release|Any CPU
		{1EC5BCE2-278E-4135-B0A0-24A538DA933D}.ReleasePlayMarket|Any CPU.Build.0 = Release|Any CPU
		{1EC5BCE2-278E-4135-B0A0-24A538DA933D}.ReleasePlayMarket|iPhone.ActiveCfg = Release|Any CPU
		{1EC5BCE2-278E-4135-B0A0-24A538DA933D}.ReleasePlayMarket|iPhone.Build.0 = Release|Any CPU
		{1EC5BCE2-278E-4135-B0A0-24A538DA933D}.ReleasePlayMarket|iPhone.Deploy.0 = Release|Any CPU
		{1EC5BCE2-278E-4135-B0A0-24A538DA933D}.ReleasePlayMarket|iPhoneSimulator.ActiveCfg = Release|Any CPU
		{1EC5BCE2-278E-4135-B0A0-24A538DA933D}.ReleasePlayMarket|iPhoneSimulator.Build.0 = Release|Any CPU
		{1EC5BCE2-278E-4135-B0A0-24A538DA933D}.ReleasePlayMarket|iPhoneSimulator.Deploy.0 = Release|Any CPU
		{FAF84F40-1F67-43E8-B04A-DEC03880862E}.Debug|Any CPU.ActiveCfg = Debug|iPhoneSimulator
		{FAF84F40-1F67-43E8-B04A-DEC03880862E}.Debug|Any CPU.Build.0 = Debug|iPhoneSimulator
		{FAF84F40-1F67-43E8-B04A-DEC03880862E}.Debug|iPhone.ActiveCfg = Debug|iPhone
		{FAF84F40-1F67-43E8-B04A-DEC03880862E}.Debug|iPhone.Build.0 = Debug|iPhone
		{FAF84F40-1F67-43E8-B04A-DEC03880862E}.Debug|iPhoneSimulator.ActiveCfg = Debug|iPhoneSimulator
		{FAF84F40-1F67-43E8-B04A-DEC03880862E}.Debug|iPhoneSimulator.Build.0 = Debug|iPhoneSimulator
		{FAF84F40-1F67-43E8-B04A-DEC03880862E}.Release|Any CPU.ActiveCfg = Release|iPhoneSimulator
		{FAF84F40-1F67-43E8-B04A-DEC03880862E}.Release|Any CPU.Build.0 = Release|iPhoneSimulator
		{FAF84F40-1F67-43E8-B04A-DEC03880862E}.Release|iPhone.ActiveCfg = Release|iPhone
		{FAF84F40-1F67-43E8-B04A-DEC03880862E}.Release|iPhone.Build.0 = Release|iPhone
		{FAF84F40-1F67-43E8-B04A-DEC03880862E}.Release|iPhoneSimulator.ActiveCfg = Release|iPhoneSimulator
		{FAF84F40-1F67-43E8-B04A-DEC03880862E}.Release|iPhoneSimulator.Build.0 = Release|iPhoneSimulator
		{FAF84F40-1F67-43E8-B04A-DEC03880862E}.ReleasePlayMarket|Any CPU.ActiveCfg = Release|iPhoneSimulator
		{FAF84F40-1F67-43E8-B04A-DEC03880862E}.ReleasePlayMarket|Any CPU.Build.0 = Release|iPhoneSimulator
		{FAF84F40-1F67-43E8-B04A-DEC03880862E}.ReleasePlayMarket|iPhone.ActiveCfg = Release|iPhone
		{FAF84F40-1F67-43E8-B04A-DEC03880862E}.ReleasePlayMarket|iPhone.Build.0 = Release|iPhone
		{FAF84F40-1F67-43E8-B04A-DEC03880862E}.ReleasePlayMarket|iPhoneSimulator.ActiveCfg = Release|iPhoneSimulator
		{FAF84F40-1F67-43E8-B04A-DEC03880862E}.ReleasePlayMarket|iPhoneSimulator.Build.0 = Release|iPhoneSimulator
		{6A6C43B1-1489-4B8D-AA37-941EF60E36F0}.Debug|Any CPU.ActiveCfg = Debug|Any CPU
		{6A6C43B1-1489-4B8D-AA37-941EF60E36F0}.Debug|Any CPU.Build.0 = Debug|Any CPU
		{6A6C43B1-1489-4B8D-AA37-941EF60E36F0}.Debug|iPhone.ActiveCfg = Debug|Any CPU
		{6A6C43B1-1489-4B8D-AA37-941EF60E36F0}.Debug|iPhone.Build.0 = Debug|Any CPU
		{6A6C43B1-1489-4B8D-AA37-941EF60E36F0}.Debug|iPhoneSimulator.ActiveCfg = Debug|Any CPU
		{6A6C43B1-1489-4B8D-AA37-941EF60E36F0}.Debug|iPhoneSimulator.Build.0 = Debug|Any CPU
		{6A6C43B1-1489-4B8D-AA37-941EF60E36F0}.Release|Any CPU.ActiveCfg = Release|Any CPU
		{6A6C43B1-1489-4B8D-AA37-941EF60E36F0}.Release|Any CPU.Build.0 = Release|Any CPU
		{6A6C43B1-1489-4B8D-AA37-941EF60E36F0}.Release|iPhone.ActiveCfg = Release|Any CPU
		{6A6C43B1-1489-4B8D-AA37-941EF60E36F0}.Release|iPhone.Build.0 = Release|Any CPU
		{6A6C43B1-1489-4B8D-AA37-941EF60E36F0}.Release|iPhoneSimulator.ActiveCfg = Release|Any CPU
		{6A6C43B1-1489-4B8D-AA37-941EF60E36F0}.Release|iPhoneSimulator.Build.0 = Release|Any CPU
		{6A6C43B1-1489-4B8D-AA37-941EF60E36F0}.ReleasePlayMarket|Any CPU.ActiveCfg = Release|Any CPU
		{6A6C43B1-1489-4B8D-AA37-941EF60E36F0}.ReleasePlayMarket|Any CPU.Build.0 = Release|Any CPU
		{6A6C43B1-1489-4B8D-AA37-941EF60E36F0}.ReleasePlayMarket|iPhone.ActiveCfg = Release|Any CPU
		{6A6C43B1-1489-4B8D-AA37-941EF60E36F0}.ReleasePlayMarket|iPhone.Build.0 = Release|Any CPU
		{6A6C43B1-1489-4B8D-AA37-941EF60E36F0}.ReleasePlayMarket|iPhoneSimulator.ActiveCfg = Release|Any CPU
		{6A6C43B1-1489-4B8D-AA37-941EF60E36F0}.ReleasePlayMarket|iPhoneSimulator.Build.0 = Release|Any CPU
		{CA73F74E-F1CD-457B-A1D8-CDEFCB178F1F}.Debug|Any CPU.ActiveCfg = Debug|Any CPU
		{CA73F74E-F1CD-457B-A1D8-CDEFCB178F1F}.Debug|Any CPU.Build.0 = Debug|Any CPU
		{CA73F74E-F1CD-457B-A1D8-CDEFCB178F1F}.Debug|iPhone.ActiveCfg = Debug|Any CPU
		{CA73F74E-F1CD-457B-A1D8-CDEFCB178F1F}.Debug|iPhone.Build.0 = Debug|Any CPU
		{CA73F74E-F1CD-457B-A1D8-CDEFCB178F1F}.Debug|iPhoneSimulator.ActiveCfg = Debug|Any CPU
		{CA73F74E-F1CD-457B-A1D8-CDEFCB178F1F}.Debug|iPhoneSimulator.Build.0 = Debug|Any CPU
		{CA73F74E-F1CD-457B-A1D8-CDEFCB178F1F}.Release|Any CPU.ActiveCfg = Release|Any CPU
		{CA73F74E-F1CD-457B-A1D8-CDEFCB178F1F}.Release|Any CPU.Build.0 = Release|Any CPU
		{CA73F74E-F1CD-457B-A1D8-CDEFCB178F1F}.Release|iPhone.ActiveCfg = Release|Any CPU
		{CA73F74E-F1CD-457B-A1D8-CDEFCB178F1F}.Release|iPhone.Build.0 = Release|Any CPU
		{CA73F74E-F1CD-457B-A1D8-CDEFCB178F1F}.Release|iPhoneSimulator.ActiveCfg = Release|Any CPU
		{CA73F74E-F1CD-457B-A1D8-CDEFCB178F1F}.Release|iPhoneSimulator.Build.0 = Release|Any CPU
		{CA73F74E-F1CD-457B-A1D8-CDEFCB178F1F}.ReleasePlayMarket|Any CPU.ActiveCfg = Release|Any CPU
		{CA73F74E-F1CD-457B-A1D8-CDEFCB178F1F}.ReleasePlayMarket|Any CPU.Build.0 = Release|Any CPU
		{CA73F74E-F1CD-457B-A1D8-CDEFCB178F1F}.ReleasePlayMarket|iPhone.ActiveCfg = Release|Any CPU
		{CA73F74E-F1CD-457B-A1D8-CDEFCB178F1F}.ReleasePlayMarket|iPhone.Build.0 = Release|Any CPU
		{CA73F74E-F1CD-457B-A1D8-CDEFCB178F1F}.ReleasePlayMarket|iPhoneSimulator.ActiveCfg = Release|Any CPU
		{CA73F74E-F1CD-457B-A1D8-CDEFCB178F1F}.ReleasePlayMarket|iPhoneSimulator.Build.0 = Release|Any CPU
		{F16E83BA-921D-4865-BD08-9C34A6B166A3}.Debug|Any CPU.ActiveCfg = Debug|Any CPU
		{F16E83BA-921D-4865-BD08-9C34A6B166A3}.Debug|Any CPU.Build.0 = Debug|Any CPU
		{F16E83BA-921D-4865-BD08-9C34A6B166A3}.Debug|iPhone.ActiveCfg = Debug|Any CPU
		{F16E83BA-921D-4865-BD08-9C34A6B166A3}.Debug|iPhone.Build.0 = Debug|Any CPU
		{F16E83BA-921D-4865-BD08-9C34A6B166A3}.Debug|iPhoneSimulator.ActiveCfg = Debug|Any CPU
		{F16E83BA-921D-4865-BD08-9C34A6B166A3}.Debug|iPhoneSimulator.Build.0 = Debug|Any CPU
		{F16E83BA-921D-4865-BD08-9C34A6B166A3}.Release|Any CPU.ActiveCfg = Release|Any CPU
		{F16E83BA-921D-4865-BD08-9C34A6B166A3}.Release|Any CPU.Build.0 = Release|Any CPU
		{F16E83BA-921D-4865-BD08-9C34A6B166A3}.Release|iPhone.ActiveCfg = Release|Any CPU
		{F16E83BA-921D-4865-BD08-9C34A6B166A3}.Release|iPhone.Build.0 = Release|Any CPU
		{F16E83BA-921D-4865-BD08-9C34A6B166A3}.Release|iPhoneSimulator.ActiveCfg = Release|Any CPU
		{F16E83BA-921D-4865-BD08-9C34A6B166A3}.Release|iPhoneSimulator.Build.0 = Release|Any CPU
		{F16E83BA-921D-4865-BD08-9C34A6B166A3}.ReleasePlayMarket|Any CPU.ActiveCfg = Release|Any CPU
		{F16E83BA-921D-4865-BD08-9C34A6B166A3}.ReleasePlayMarket|Any CPU.Build.0 = Release|Any CPU
		{F16E83BA-921D-4865-BD08-9C34A6B166A3}.ReleasePlayMarket|iPhone.ActiveCfg = Release|Any CPU
		{F16E83BA-921D-4865-BD08-9C34A6B166A3}.ReleasePlayMarket|iPhone.Build.0 = Release|Any CPU
		{F16E83BA-921D-4865-BD08-9C34A6B166A3}.ReleasePlayMarket|iPhoneSimulator.ActiveCfg = Release|Any CPU
		{F16E83BA-921D-4865-BD08-9C34A6B166A3}.ReleasePlayMarket|iPhoneSimulator.Build.0 = Release|Any CPU
		{268686AB-CEA1-4A0B-9234-7F0267EDE059}.Debug|Any CPU.ActiveCfg = Debug|Any CPU
		{268686AB-CEA1-4A0B-9234-7F0267EDE059}.Debug|Any CPU.Build.0 = Debug|Any CPU
		{268686AB-CEA1-4A0B-9234-7F0267EDE059}.Debug|iPhone.ActiveCfg = Debug|Any CPU
		{268686AB-CEA1-4A0B-9234-7F0267EDE059}.Debug|iPhone.Build.0 = Debug|Any CPU
		{268686AB-CEA1-4A0B-9234-7F0267EDE059}.Debug|iPhoneSimulator.ActiveCfg = Debug|Any CPU
		{268686AB-CEA1-4A0B-9234-7F0267EDE059}.Debug|iPhoneSimulator.Build.0 = Debug|Any CPU
		{268686AB-CEA1-4A0B-9234-7F0267EDE059}.Release|Any CPU.ActiveCfg = Release|Any CPU
		{268686AB-CEA1-4A0B-9234-7F0267EDE059}.Release|Any CPU.Build.0 = Release|Any CPU
		{268686AB-CEA1-4A0B-9234-7F0267EDE059}.Release|iPhone.ActiveCfg = Release|Any CPU
		{268686AB-CEA1-4A0B-9234-7F0267EDE059}.Release|iPhone.Build.0 = Release|Any CPU
		{268686AB-CEA1-4A0B-9234-7F0267EDE059}.Release|iPhoneSimulator.ActiveCfg = Release|Any CPU
		{268686AB-CEA1-4A0B-9234-7F0267EDE059}.Release|iPhoneSimulator.Build.0 = Release|Any CPU
		{268686AB-CEA1-4A0B-9234-7F0267EDE059}.ReleasePlayMarket|Any CPU.ActiveCfg = Release|Any CPU
		{268686AB-CEA1-4A0B-9234-7F0267EDE059}.ReleasePlayMarket|Any CPU.Build.0 = Release|Any CPU
		{268686AB-CEA1-4A0B-9234-7F0267EDE059}.ReleasePlayMarket|iPhone.ActiveCfg = Release|Any CPU
		{268686AB-CEA1-4A0B-9234-7F0267EDE059}.ReleasePlayMarket|iPhone.Build.0 = Release|Any CPU
		{268686AB-CEA1-4A0B-9234-7F0267EDE059}.ReleasePlayMarket|iPhoneSimulator.ActiveCfg = Release|Any CPU
		{268686AB-CEA1-4A0B-9234-7F0267EDE059}.ReleasePlayMarket|iPhoneSimulator.Build.0 = Release|Any CPU
		{4E3C8932-3924-4519-A49B-4D76F9FB2117}.Debug|Any CPU.ActiveCfg = Debug|Any CPU
		{4E3C8932-3924-4519-A49B-4D76F9FB2117}.Debug|Any CPU.Build.0 = Debug|Any CPU
		{4E3C8932-3924-4519-A49B-4D76F9FB2117}.Debug|iPhone.ActiveCfg = Debug|Any CPU
		{4E3C8932-3924-4519-A49B-4D76F9FB2117}.Debug|iPhone.Build.0 = Debug|Any CPU
		{4E3C8932-3924-4519-A49B-4D76F9FB2117}.Debug|iPhoneSimulator.ActiveCfg = Debug|Any CPU
		{4E3C8932-3924-4519-A49B-4D76F9FB2117}.Debug|iPhoneSimulator.Build.0 = Debug|Any CPU
		{4E3C8932-3924-4519-A49B-4D76F9FB2117}.Release|Any CPU.ActiveCfg = Release|Any CPU
		{4E3C8932-3924-4519-A49B-4D76F9FB2117}.Release|Any CPU.Build.0 = Release|Any CPU
		{4E3C8932-3924-4519-A49B-4D76F9FB2117}.Release|iPhone.ActiveCfg = Release|Any CPU
		{4E3C8932-3924-4519-A49B-4D76F9FB2117}.Release|iPhone.Build.0 = Release|Any CPU
		{4E3C8932-3924-4519-A49B-4D76F9FB2117}.Release|iPhoneSimulator.ActiveCfg = Release|Any CPU
		{4E3C8932-3924-4519-A49B-4D76F9FB2117}.Release|iPhoneSimulator.Build.0 = Release|Any CPU
		{4E3C8932-3924-4519-A49B-4D76F9FB2117}.ReleasePlayMarket|Any CPU.ActiveCfg = Release|Any CPU
		{4E3C8932-3924-4519-A49B-4D76F9FB2117}.ReleasePlayMarket|Any CPU.Build.0 = Release|Any CPU
		{4E3C8932-3924-4519-A49B-4D76F9FB2117}.ReleasePlayMarket|iPhone.ActiveCfg = Release|Any CPU
		{4E3C8932-3924-4519-A49B-4D76F9FB2117}.ReleasePlayMarket|iPhone.Build.0 = Release|Any CPU
		{4E3C8932-3924-4519-A49B-4D76F9FB2117}.ReleasePlayMarket|iPhoneSimulator.ActiveCfg = Release|Any CPU
		{4E3C8932-3924-4519-A49B-4D76F9FB2117}.ReleasePlayMarket|iPhoneSimulator.Build.0 = Release|Any CPU
		{D131C645-95AA-4F2E-8797-20E053D9FE02}.Debug|Any CPU.ActiveCfg = Debug|Any CPU
		{D131C645-95AA-4F2E-8797-20E053D9FE02}.Debug|Any CPU.Build.0 = Debug|Any CPU
		{D131C645-95AA-4F2E-8797-20E053D9FE02}.Debug|iPhone.ActiveCfg = Debug|Any CPU
		{D131C645-95AA-4F2E-8797-20E053D9FE02}.Debug|iPhone.Build.0 = Debug|Any CPU
		{D131C645-95AA-4F2E-8797-20E053D9FE02}.Debug|iPhoneSimulator.ActiveCfg = Debug|Any CPU
		{D131C645-95AA-4F2E-8797-20E053D9FE02}.Debug|iPhoneSimulator.Build.0 = Debug|Any CPU
		{D131C645-95AA-4F2E-8797-20E053D9FE02}.Release|Any CPU.ActiveCfg = Release|Any CPU
		{D131C645-95AA-4F2E-8797-20E053D9FE02}.Release|Any CPU.Build.0 = Release|Any CPU
		{D131C645-95AA-4F2E-8797-20E053D9FE02}.Release|iPhone.ActiveCfg = Release|Any CPU
		{D131C645-95AA-4F2E-8797-20E053D9FE02}.Release|iPhone.Build.0 = Release|Any CPU
		{D131C645-95AA-4F2E-8797-20E053D9FE02}.Release|iPhoneSimulator.ActiveCfg = Release|Any CPU
		{D131C645-95AA-4F2E-8797-20E053D9FE02}.Release|iPhoneSimulator.Build.0 = Release|Any CPU
		{D131C645-95AA-4F2E-8797-20E053D9FE02}.ReleasePlayMarket|Any CPU.ActiveCfg = Release|Any CPU
		{D131C645-95AA-4F2E-8797-20E053D9FE02}.ReleasePlayMarket|Any CPU.Build.0 = Release|Any CPU
		{D131C645-95AA-4F2E-8797-20E053D9FE02}.ReleasePlayMarket|iPhone.ActiveCfg = Release|Any CPU
		{D131C645-95AA-4F2E-8797-20E053D9FE02}.ReleasePlayMarket|iPhone.Build.0 = Release|Any CPU
		{D131C645-95AA-4F2E-8797-20E053D9FE02}.ReleasePlayMarket|iPhoneSimulator.ActiveCfg = Release|Any CPU
		{D131C645-95AA-4F2E-8797-20E053D9FE02}.ReleasePlayMarket|iPhoneSimulator.Build.0 = Release|Any CPU
		{83B7F6DB-C7AE-4C7D-9E27-F2F69892EBF3}.Debug|Any CPU.ActiveCfg = Debug|Any CPU
		{83B7F6DB-C7AE-4C7D-9E27-F2F69892EBF3}.Debug|Any CPU.Build.0 = Debug|Any CPU
		{83B7F6DB-C7AE-4C7D-9E27-F2F69892EBF3}.Debug|iPhone.ActiveCfg = Debug|Any CPU
		{83B7F6DB-C7AE-4C7D-9E27-F2F69892EBF3}.Debug|iPhone.Build.0 = Debug|Any CPU
		{83B7F6DB-C7AE-4C7D-9E27-F2F69892EBF3}.Debug|iPhoneSimulator.ActiveCfg = Debug|Any CPU
		{83B7F6DB-C7AE-4C7D-9E27-F2F69892EBF3}.Debug|iPhoneSimulator.Build.0 = Debug|Any CPU
		{83B7F6DB-C7AE-4C7D-9E27-F2F69892EBF3}.Release|Any CPU.ActiveCfg = Release|Any CPU
		{83B7F6DB-C7AE-4C7D-9E27-F2F69892EBF3}.Release|Any CPU.Build.0 = Release|Any CPU
		{83B7F6DB-C7AE-4C7D-9E27-F2F69892EBF3}.Release|iPhone.ActiveCfg = Release|Any CPU
		{83B7F6DB-C7AE-4C7D-9E27-F2F69892EBF3}.Release|iPhone.Build.0 = Release|Any CPU
		{83B7F6DB-C7AE-4C7D-9E27-F2F69892EBF3}.Release|iPhoneSimulator.ActiveCfg = Release|Any CPU
		{83B7F6DB-C7AE-4C7D-9E27-F2F69892EBF3}.Release|iPhoneSimulator.Build.0 = Release|Any CPU
		{83B7F6DB-C7AE-4C7D-9E27-F2F69892EBF3}.ReleasePlayMarket|Any CPU.ActiveCfg = Release|Any CPU
		{83B7F6DB-C7AE-4C7D-9E27-F2F69892EBF3}.ReleasePlayMarket|Any CPU.Build.0 = Release|Any CPU
		{83B7F6DB-C7AE-4C7D-9E27-F2F69892EBF3}.ReleasePlayMarket|iPhone.ActiveCfg = Release|Any CPU
		{83B7F6DB-C7AE-4C7D-9E27-F2F69892EBF3}.ReleasePlayMarket|iPhone.Build.0 = Release|Any CPU
		{83B7F6DB-C7AE-4C7D-9E27-F2F69892EBF3}.ReleasePlayMarket|iPhoneSimulator.ActiveCfg = Release|Any CPU
		{83B7F6DB-C7AE-4C7D-9E27-F2F69892EBF3}.ReleasePlayMarket|iPhoneSimulator.Build.0 = Release|Any CPU
		{C5958819-562B-4DFD-ABAD-2143120D76DC}.Debug|Any CPU.ActiveCfg = Debug|Any CPU
		{C5958819-562B-4DFD-ABAD-2143120D76DC}.Debug|Any CPU.Build.0 = Debug|Any CPU
		{C5958819-562B-4DFD-ABAD-2143120D76DC}.Debug|iPhone.ActiveCfg = Debug|Any CPU
		{C5958819-562B-4DFD-ABAD-2143120D76DC}.Debug|iPhone.Build.0 = Debug|Any CPU
		{C5958819-562B-4DFD-ABAD-2143120D76DC}.Debug|iPhoneSimulator.ActiveCfg = Debug|Any CPU
		{C5958819-562B-4DFD-ABAD-2143120D76DC}.Debug|iPhoneSimulator.Build.0 = Debug|Any CPU
		{C5958819-562B-4DFD-ABAD-2143120D76DC}.Release|Any CPU.ActiveCfg = Release|Any CPU
		{C5958819-562B-4DFD-ABAD-2143120D76DC}.Release|Any CPU.Build.0 = Release|Any CPU
		{C5958819-562B-4DFD-ABAD-2143120D76DC}.Release|iPhone.ActiveCfg = Release|Any CPU
		{C5958819-562B-4DFD-ABAD-2143120D76DC}.Release|iPhone.Build.0 = Release|Any CPU
		{C5958819-562B-4DFD-ABAD-2143120D76DC}.Release|iPhoneSimulator.ActiveCfg = Release|Any CPU
		{C5958819-562B-4DFD-ABAD-2143120D76DC}.Release|iPhoneSimulator.Build.0 = Release|Any CPU
		{C5958819-562B-4DFD-ABAD-2143120D76DC}.ReleasePlayMarket|Any CPU.ActiveCfg = Release|Any CPU
		{C5958819-562B-4DFD-ABAD-2143120D76DC}.ReleasePlayMarket|Any CPU.Build.0 = Release|Any CPU
		{C5958819-562B-4DFD-ABAD-2143120D76DC}.ReleasePlayMarket|iPhone.ActiveCfg = Release|Any CPU
		{C5958819-562B-4DFD-ABAD-2143120D76DC}.ReleasePlayMarket|iPhone.Build.0 = Release|Any CPU
		{C5958819-562B-4DFD-ABAD-2143120D76DC}.ReleasePlayMarket|iPhoneSimulator.ActiveCfg = Release|Any CPU
		{C5958819-562B-4DFD-ABAD-2143120D76DC}.ReleasePlayMarket|iPhoneSimulator.Build.0 = Release|Any CPU
		{055DCA48-875D-4587-9694-C1C912F738C4}.Debug|Any CPU.ActiveCfg = Debug|Any CPU
		{055DCA48-875D-4587-9694-C1C912F738C4}.Debug|Any CPU.Build.0 = Debug|Any CPU
		{055DCA48-875D-4587-9694-C1C912F738C4}.Debug|iPhone.ActiveCfg = Debug|Any CPU
		{055DCA48-875D-4587-9694-C1C912F738C4}.Debug|iPhone.Build.0 = Debug|Any CPU
		{055DCA48-875D-4587-9694-C1C912F738C4}.Debug|iPhoneSimulator.ActiveCfg = Debug|Any CPU
		{055DCA48-875D-4587-9694-C1C912F738C4}.Debug|iPhoneSimulator.Build.0 = Debug|Any CPU
		{055DCA48-875D-4587-9694-C1C912F738C4}.Release|Any CPU.ActiveCfg = Release|Any CPU
		{055DCA48-875D-4587-9694-C1C912F738C4}.Release|Any CPU.Build.0 = Release|Any CPU
		{055DCA48-875D-4587-9694-C1C912F738C4}.Release|iPhone.ActiveCfg = Release|Any CPU
		{055DCA48-875D-4587-9694-C1C912F738C4}.Release|iPhone.Build.0 = Release|Any CPU
		{055DCA48-875D-4587-9694-C1C912F738C4}.Release|iPhoneSimulator.ActiveCfg = Release|Any CPU
		{055DCA48-875D-4587-9694-C1C912F738C4}.Release|iPhoneSimulator.Build.0 = Release|Any CPU
		{055DCA48-875D-4587-9694-C1C912F738C4}.ReleasePlayMarket|Any CPU.ActiveCfg = Release|Any CPU
		{055DCA48-875D-4587-9694-C1C912F738C4}.ReleasePlayMarket|Any CPU.Build.0 = Release|Any CPU
		{055DCA48-875D-4587-9694-C1C912F738C4}.ReleasePlayMarket|iPhone.ActiveCfg = Release|Any CPU
		{055DCA48-875D-4587-9694-C1C912F738C4}.ReleasePlayMarket|iPhone.Build.0 = Release|Any CPU
		{055DCA48-875D-4587-9694-C1C912F738C4}.ReleasePlayMarket|iPhoneSimulator.ActiveCfg = Release|Any CPU
		{055DCA48-875D-4587-9694-C1C912F738C4}.ReleasePlayMarket|iPhoneSimulator.Build.0 = Release|Any CPU
		{F285DF06-9460-4BD9-948E-BE32A1AC583A}.Debug|Any CPU.ActiveCfg = Debug|Any CPU
		{F285DF06-9460-4BD9-948E-BE32A1AC583A}.Debug|Any CPU.Build.0 = Debug|Any CPU
		{F285DF06-9460-4BD9-948E-BE32A1AC583A}.Debug|iPhone.ActiveCfg = Debug|Any CPU
		{F285DF06-9460-4BD9-948E-BE32A1AC583A}.Debug|iPhone.Build.0 = Debug|Any CPU
		{F285DF06-9460-4BD9-948E-BE32A1AC583A}.Debug|iPhoneSimulator.ActiveCfg = Debug|Any CPU
		{F285DF06-9460-4BD9-948E-BE32A1AC583A}.Debug|iPhoneSimulator.Build.0 = Debug|Any CPU
		{F285DF06-9460-4BD9-948E-BE32A1AC583A}.Release|Any CPU.ActiveCfg = Release|Any CPU
		{F285DF06-9460-4BD9-948E-BE32A1AC583A}.Release|Any CPU.Build.0 = Release|Any CPU
		{F285DF06-9460-4BD9-948E-BE32A1AC583A}.Release|iPhone.ActiveCfg = Release|Any CPU
		{F285DF06-9460-4BD9-948E-BE32A1AC583A}.Release|iPhone.Build.0 = Release|Any CPU
		{F285DF06-9460-4BD9-948E-BE32A1AC583A}.Release|iPhoneSimulator.ActiveCfg = Release|Any CPU
		{F285DF06-9460-4BD9-948E-BE32A1AC583A}.Release|iPhoneSimulator.Build.0 = Release|Any CPU
		{F285DF06-9460-4BD9-948E-BE32A1AC583A}.ReleasePlayMarket|Any CPU.ActiveCfg = Release|Any CPU
		{F285DF06-9460-4BD9-948E-BE32A1AC583A}.ReleasePlayMarket|Any CPU.Build.0 = Release|Any CPU
		{F285DF06-9460-4BD9-948E-BE32A1AC583A}.ReleasePlayMarket|iPhone.ActiveCfg = Release|Any CPU
		{F285DF06-9460-4BD9-948E-BE32A1AC583A}.ReleasePlayMarket|iPhone.Build.0 = Release|Any CPU
		{F285DF06-9460-4BD9-948E-BE32A1AC583A}.ReleasePlayMarket|iPhoneSimulator.ActiveCfg = Release|Any CPU
		{F285DF06-9460-4BD9-948E-BE32A1AC583A}.ReleasePlayMarket|iPhoneSimulator.Build.0 = Release|Any CPU
		{55E444DA-533C-4A0F-8F71-42E3F80894EC}.Debug|Any CPU.ActiveCfg = Debug|Any CPU
		{55E444DA-533C-4A0F-8F71-42E3F80894EC}.Debug|Any CPU.Build.0 = Debug|Any CPU
		{55E444DA-533C-4A0F-8F71-42E3F80894EC}.Debug|iPhone.ActiveCfg = Debug|Any CPU
		{55E444DA-533C-4A0F-8F71-42E3F80894EC}.Debug|iPhone.Build.0 = Debug|Any CPU
		{55E444DA-533C-4A0F-8F71-42E3F80894EC}.Debug|iPhoneSimulator.ActiveCfg = Debug|Any CPU
		{55E444DA-533C-4A0F-8F71-42E3F80894EC}.Debug|iPhoneSimulator.Build.0 = Debug|Any CPU
		{55E444DA-533C-4A0F-8F71-42E3F80894EC}.Release|Any CPU.ActiveCfg = Release|Any CPU
		{55E444DA-533C-4A0F-8F71-42E3F80894EC}.Release|Any CPU.Build.0 = Release|Any CPU
		{55E444DA-533C-4A0F-8F71-42E3F80894EC}.Release|iPhone.ActiveCfg = Release|Any CPU
		{55E444DA-533C-4A0F-8F71-42E3F80894EC}.Release|iPhone.Build.0 = Release|Any CPU
		{55E444DA-533C-4A0F-8F71-42E3F80894EC}.Release|iPhoneSimulator.ActiveCfg = Release|Any CPU
		{55E444DA-533C-4A0F-8F71-42E3F80894EC}.Release|iPhoneSimulator.Build.0 = Release|Any CPU
		{55E444DA-533C-4A0F-8F71-42E3F80894EC}.ReleasePlayMarket|Any CPU.ActiveCfg = Release|Any CPU
		{55E444DA-533C-4A0F-8F71-42E3F80894EC}.ReleasePlayMarket|Any CPU.Build.0 = Release|Any CPU
		{55E444DA-533C-4A0F-8F71-42E3F80894EC}.ReleasePlayMarket|iPhone.ActiveCfg = Release|Any CPU
		{55E444DA-533C-4A0F-8F71-42E3F80894EC}.ReleasePlayMarket|iPhone.Build.0 = Release|Any CPU
		{55E444DA-533C-4A0F-8F71-42E3F80894EC}.ReleasePlayMarket|iPhoneSimulator.ActiveCfg = Release|Any CPU
		{55E444DA-533C-4A0F-8F71-42E3F80894EC}.ReleasePlayMarket|iPhoneSimulator.Build.0 = Release|Any CPU
		{00D49D30-4373-4A8A-A3A8-9481F110A7F9}.Debug|Any CPU.ActiveCfg = Debug|Any CPU
		{00D49D30-4373-4A8A-A3A8-9481F110A7F9}.Debug|Any CPU.Build.0 = Debug|Any CPU
		{00D49D30-4373-4A8A-A3A8-9481F110A7F9}.Debug|iPhone.ActiveCfg = Debug|Any CPU
		{00D49D30-4373-4A8A-A3A8-9481F110A7F9}.Debug|iPhone.Build.0 = Debug|Any CPU
		{00D49D30-4373-4A8A-A3A8-9481F110A7F9}.Debug|iPhoneSimulator.ActiveCfg = Debug|Any CPU
		{00D49D30-4373-4A8A-A3A8-9481F110A7F9}.Debug|iPhoneSimulator.Build.0 = Debug|Any CPU
		{00D49D30-4373-4A8A-A3A8-9481F110A7F9}.Release|Any CPU.ActiveCfg = Release|Any CPU
		{00D49D30-4373-4A8A-A3A8-9481F110A7F9}.Release|Any CPU.Build.0 = Release|Any CPU
		{00D49D30-4373-4A8A-A3A8-9481F110A7F9}.Release|iPhone.ActiveCfg = Release|Any CPU
		{00D49D30-4373-4A8A-A3A8-9481F110A7F9}.Release|iPhone.Build.0 = Release|Any CPU
		{00D49D30-4373-4A8A-A3A8-9481F110A7F9}.Release|iPhoneSimulator.ActiveCfg = Release|Any CPU
		{00D49D30-4373-4A8A-A3A8-9481F110A7F9}.Release|iPhoneSimulator.Build.0 = Release|Any CPU
		{00D49D30-4373-4A8A-A3A8-9481F110A7F9}.ReleasePlayMarket|Any CPU.ActiveCfg = Release|Any CPU
		{00D49D30-4373-4A8A-A3A8-9481F110A7F9}.ReleasePlayMarket|Any CPU.Build.0 = Release|Any CPU
		{00D49D30-4373-4A8A-A3A8-9481F110A7F9}.ReleasePlayMarket|iPhone.ActiveCfg = Release|Any CPU
		{00D49D30-4373-4A8A-A3A8-9481F110A7F9}.ReleasePlayMarket|iPhone.Build.0 = Release|Any CPU
		{00D49D30-4373-4A8A-A3A8-9481F110A7F9}.ReleasePlayMarket|iPhoneSimulator.ActiveCfg = Release|Any CPU
		{00D49D30-4373-4A8A-A3A8-9481F110A7F9}.ReleasePlayMarket|iPhoneSimulator.Build.0 = Release|Any CPU
		{973E3C65-B305-4DB3-AE78-7694E7F38A92}.Debug|Any CPU.ActiveCfg = Debug|Any CPU
		{973E3C65-B305-4DB3-AE78-7694E7F38A92}.Debug|Any CPU.Build.0 = Debug|Any CPU
		{973E3C65-B305-4DB3-AE78-7694E7F38A92}.Debug|iPhone.ActiveCfg = Debug|Any CPU
		{973E3C65-B305-4DB3-AE78-7694E7F38A92}.Debug|iPhone.Build.0 = Debug|Any CPU
		{973E3C65-B305-4DB3-AE78-7694E7F38A92}.Debug|iPhoneSimulator.ActiveCfg = Debug|Any CPU
		{973E3C65-B305-4DB3-AE78-7694E7F38A92}.Debug|iPhoneSimulator.Build.0 = Debug|Any CPU
		{973E3C65-B305-4DB3-AE78-7694E7F38A92}.Release|Any CPU.ActiveCfg = Release|Any CPU
		{973E3C65-B305-4DB3-AE78-7694E7F38A92}.Release|Any CPU.Build.0 = Release|Any CPU
		{973E3C65-B305-4DB3-AE78-7694E7F38A92}.Release|iPhone.ActiveCfg = Release|Any CPU
		{973E3C65-B305-4DB3-AE78-7694E7F38A92}.Release|iPhone.Build.0 = Release|Any CPU
		{973E3C65-B305-4DB3-AE78-7694E7F38A92}.Release|iPhoneSimulator.ActiveCfg = Release|Any CPU
		{973E3C65-B305-4DB3-AE78-7694E7F38A92}.Release|iPhoneSimulator.Build.0 = Release|Any CPU
		{973E3C65-B305-4DB3-AE78-7694E7F38A92}.ReleasePlayMarket|Any CPU.ActiveCfg = Release|Any CPU
		{973E3C65-B305-4DB3-AE78-7694E7F38A92}.ReleasePlayMarket|Any CPU.Build.0 = Release|Any CPU
		{973E3C65-B305-4DB3-AE78-7694E7F38A92}.ReleasePlayMarket|iPhone.ActiveCfg = Release|Any CPU
		{973E3C65-B305-4DB3-AE78-7694E7F38A92}.ReleasePlayMarket|iPhone.Build.0 = Release|Any CPU
		{973E3C65-B305-4DB3-AE78-7694E7F38A92}.ReleasePlayMarket|iPhoneSimulator.ActiveCfg = Release|Any CPU
		{973E3C65-B305-4DB3-AE78-7694E7F38A92}.ReleasePlayMarket|iPhoneSimulator.Build.0 = Release|Any CPU
		{4025F737-1DBA-4AFA-BE9B-E76D9FB48B08}.Debug|Any CPU.ActiveCfg = Debug|Any CPU
		{4025F737-1DBA-4AFA-BE9B-E76D9FB48B08}.Debug|Any CPU.Build.0 = Debug|Any CPU
		{4025F737-1DBA-4AFA-BE9B-E76D9FB48B08}.Debug|iPhone.ActiveCfg = Debug|Any CPU
		{4025F737-1DBA-4AFA-BE9B-E76D9FB48B08}.Debug|iPhone.Build.0 = Debug|Any CPU
		{4025F737-1DBA-4AFA-BE9B-E76D9FB48B08}.Debug|iPhoneSimulator.ActiveCfg = Debug|Any CPU
		{4025F737-1DBA-4AFA-BE9B-E76D9FB48B08}.Debug|iPhoneSimulator.Build.0 = Debug|Any CPU
		{4025F737-1DBA-4AFA-BE9B-E76D9FB48B08}.Release|Any CPU.ActiveCfg = Release|Any CPU
		{4025F737-1DBA-4AFA-BE9B-E76D9FB48B08}.Release|Any CPU.Build.0 = Release|Any CPU
		{4025F737-1DBA-4AFA-BE9B-E76D9FB48B08}.Release|iPhone.ActiveCfg = Release|Any CPU
		{4025F737-1DBA-4AFA-BE9B-E76D9FB48B08}.Release|iPhone.Build.0 = Release|Any CPU
		{4025F737-1DBA-4AFA-BE9B-E76D9FB48B08}.Release|iPhoneSimulator.ActiveCfg = Release|Any CPU
		{4025F737-1DBA-4AFA-BE9B-E76D9FB48B08}.Release|iPhoneSimulator.Build.0 = Release|Any CPU
		{4025F737-1DBA-4AFA-BE9B-E76D9FB48B08}.ReleasePlayMarket|Any CPU.ActiveCfg = Debug|Any CPU
		{4025F737-1DBA-4AFA-BE9B-E76D9FB48B08}.ReleasePlayMarket|Any CPU.Build.0 = Debug|Any CPU
		{4025F737-1DBA-4AFA-BE9B-E76D9FB48B08}.ReleasePlayMarket|iPhone.ActiveCfg = Debug|Any CPU
		{4025F737-1DBA-4AFA-BE9B-E76D9FB48B08}.ReleasePlayMarket|iPhone.Build.0 = Debug|Any CPU
		{4025F737-1DBA-4AFA-BE9B-E76D9FB48B08}.ReleasePlayMarket|iPhoneSimulator.ActiveCfg = Debug|Any CPU
		{4025F737-1DBA-4AFA-BE9B-E76D9FB48B08}.ReleasePlayMarket|iPhoneSimulator.Build.0 = Debug|Any CPU
	EndGlobalSection
	GlobalSection(SolutionProperties) = preSolution
		HideSolutionNode = FALSE
	EndGlobalSection
	GlobalSection(NestedProjects) = preSolution
		{CA73F74E-F1CD-457B-A1D8-CDEFCB178F1F} = {B50066C9-027D-4C2F-A473-3592D54ABD5C}
		{F16E83BA-921D-4865-BD08-9C34A6B166A3} = {B50066C9-027D-4C2F-A473-3592D54ABD5C}
		{268686AB-CEA1-4A0B-9234-7F0267EDE059} = {B50066C9-027D-4C2F-A473-3592D54ABD5C}
		{4E3C8932-3924-4519-A49B-4D76F9FB2117} = {B50066C9-027D-4C2F-A473-3592D54ABD5C}
		{D131C645-95AA-4F2E-8797-20E053D9FE02} = {B50066C9-027D-4C2F-A473-3592D54ABD5C}
		{83B7F6DB-C7AE-4C7D-9E27-F2F69892EBF3} = {B50066C9-027D-4C2F-A473-3592D54ABD5C}
		{C5958819-562B-4DFD-ABAD-2143120D76DC} = {B50066C9-027D-4C2F-A473-3592D54ABD5C}
		{055DCA48-875D-4587-9694-C1C912F738C4} = {B50066C9-027D-4C2F-A473-3592D54ABD5C}
		{F285DF06-9460-4BD9-948E-BE32A1AC583A} = {B50066C9-027D-4C2F-A473-3592D54ABD5C}
		{55E444DA-533C-4A0F-8F71-42E3F80894EC} = {B50066C9-027D-4C2F-A473-3592D54ABD5C}
	EndGlobalSection
	GlobalSection(ExtensibilityGlobals) = postSolution
		SolutionGuid = {47E4DA4F-D03F-4534-A478-C2CD30AC687B}
	EndGlobalSection
EndGlobal
